
Microsoft Visual Studio Solution File, Format Version 12.00
# Visual Studio 2012
Project("{8BC9CEB8-8B4A-11D0-8D11-00A0C91BC942}") = "Assembly", "abyss\Assembly\Assembly.vcxproj", "{3B4BA789-B3F0-4F22-BF6B-DB4E1AFAB6BB}"
EndProject
Project("{8BC9CEB8-8B4A-11D0-8D11-00A0C91BC942}") = "Common", "abyss\Common\Common.vcxproj", "{0B941631-1BA7-419E-A524-6E45B23294FB}"
EndProject
Project("{8BC9CEB8-8B4A-11D0-8D11-00A0C91BC942}") = "DataLayer", "abyss\DataLayer\DataLayer.vcxproj", "{7E4A03F0-435B-42FF-8850-62A94894E7A9}"
EndProject
Project("{8BC9CEB8-8B4A-11D0-8D11-00A0C91BC942}") = "abyss-fac", "abyss\abyss-fac\abyss-fac.vcxproj", "{E93FBD27-AB6C-455B-9225-A03A22173608}"
	ProjectSection(ProjectDependencies) = postProject
		{0B941631-1BA7-419E-A524-6E45B23294FB} = {0B941631-1BA7-419E-A524-6E45B23294FB}
		{7E4A03F0-435B-42FF-8850-62A94894E7A9} = {7E4A03F0-435B-42FF-8850-62A94894E7A9}
	EndProjectSection
EndProject
Project("{8BC9CEB8-8B4A-11D0-8D11-00A0C91BC942}") = "abyss-tofastq", "abyss\abyss-tofastq\abyss-tofastq.vcxproj", "{04B87BBB-E5AB-4708-B8C0-145965A7BE61}"
	ProjectSection(ProjectDependencies) = postProject
		{0B941631-1BA7-419E-A524-6E45B23294FB} = {0B941631-1BA7-419E-A524-6E45B23294FB}
		{7E4A03F0-435B-42FF-8850-62A94894E7A9} = {7E4A03F0-435B-42FF-8850-62A94894E7A9}
	EndProjectSection
EndProject
Global
	GlobalSection(SolutionConfigurationPlatforms) = preSolution
		Debug|Mixed Platforms = Debug|Mixed Platforms
		Debug|Win32 = Debug|Win32
		Debug|x64 = Debug|x64
		Release|Mixed Platforms = Release|Mixed Platforms
		Release|Win32 = Release|Win32
		Release|x64 = Release|x64
	EndGlobalSection
	GlobalSection(ProjectConfigurationPlatforms) = postSolution
		{3B4BA789-B3F0-4F22-BF6B-DB4E1AFAB6BB}.Debug|Mixed Platforms.ActiveCfg = Debug|Win32
		{3B4BA789-B3F0-4F22-BF6B-DB4E1AFAB6BB}.Debug|Mixed Platforms.Build.0 = Debug|Win32
		{3B4BA789-B3F0-4F22-BF6B-DB4E1AFAB6BB}.Debug|Win32.ActiveCfg = Debug|Win32
		{3B4BA789-B3F0-4F22-BF6B-DB4E1AFAB6BB}.Debug|Win32.Build.0 = Debug|Win32
		{3B4BA789-B3F0-4F22-BF6B-DB4E1AFAB6BB}.Debug|x64.ActiveCfg = Debug|x64
		{3B4BA789-B3F0-4F22-BF6B-DB4E1AFAB6BB}.Debug|x64.Build.0 = Debug|x64
		{3B4BA789-B3F0-4F22-BF6B-DB4E1AFAB6BB}.Release|Mixed Platforms.ActiveCfg = Release|Win32
		{3B4BA789-B3F0-4F22-BF6B-DB4E1AFAB6BB}.Release|Mixed Platforms.Build.0 = Release|Win32
		{3B4BA789-B3F0-4F22-BF6B-DB4E1AFAB6BB}.Release|Win32.ActiveCfg = Release|Win32
		{3B4BA789-B3F0-4F22-BF6B-DB4E1AFAB6BB}.Release|Win32.Build.0 = Release|Win32
		{3B4BA789-B3F0-4F22-BF6B-DB4E1AFAB6BB}.Release|x64.ActiveCfg = Release|x64
		{3B4BA789-B3F0-4F22-BF6B-DB4E1AFAB6BB}.Release|x64.Build.0 = Release|x64
		{0B941631-1BA7-419E-A524-6E45B23294FB}.Debug|Mixed Platforms.ActiveCfg = Debug|Win32
		{0B941631-1BA7-419E-A524-6E45B23294FB}.Debug|Mixed Platforms.Build.0 = Debug|Win32
		{0B941631-1BA7-419E-A524-6E45B23294FB}.Debug|Win32.ActiveCfg = Debug|Win32
		{0B941631-1BA7-419E-A524-6E45B23294FB}.Debug|Win32.Build.0 = Debug|Win32
		{0B941631-1BA7-419E-A524-6E45B23294FB}.Debug|x64.ActiveCfg = Debug|x64
		{0B941631-1BA7-419E-A524-6E45B23294FB}.Debug|x64.Build.0 = Debug|x64
		{0B941631-1BA7-419E-A524-6E45B23294FB}.Release|Mixed Platforms.ActiveCfg = Release|Win32
		{0B941631-1BA7-419E-A524-6E45B23294FB}.Release|Mixed Platforms.Build.0 = Release|Win32
		{0B941631-1BA7-419E-A524-6E45B23294FB}.Release|Win32.ActiveCfg = Release|Win32
		{0B941631-1BA7-419E-A524-6E45B23294FB}.Release|Win32.Build.0 = Release|Win32
		{0B941631-1BA7-419E-A524-6E45B23294FB}.Release|x64.ActiveCfg = Release|Win32
		{7E4A03F0-435B-42FF-8850-62A94894E7A9}.Debug|Mixed Platforms.ActiveCfg = Debug|Win32
		{7E4A03F0-435B-42FF-8850-62A94894E7A9}.Debug|Mixed Platforms.Build.0 = Debug|Win32
		{7E4A03F0-435B-42FF-8850-62A94894E7A9}.Debug|Win32.ActiveCfg = Debug|Win32
		{7E4A03F0-435B-42FF-8850-62A94894E7A9}.Debug|Win32.Build.0 = Debug|Win32
		{7E4A03F0-435B-42FF-8850-62A94894E7A9}.Debug|x64.ActiveCfg = Debug|x64
		{7E4A03F0-435B-42FF-8850-62A94894E7A9}.Debug|x64.Build.0 = Debug|x64
		{7E4A03F0-435B-42FF-8850-62A94894E7A9}.Release|Mixed Platforms.ActiveCfg = Release|Win32
		{7E4A03F0-435B-42FF-8850-62A94894E7A9}.Release|Mixed Platforms.Build.0 = Release|Win32
		{7E4A03F0-435B-42FF-8850-62A94894E7A9}.Release|Win32.ActiveCfg = Release|Win32
		{7E4A03F0-435B-42FF-8850-62A94894E7A9}.Release|Win32.Build.0 = Release|Win32
		{7E4A03F0-435B-42FF-8850-62A94894E7A9}.Release|x64.ActiveCfg = Release|Win32
		{E93FBD27-AB6C-455B-9225-A03A22173608}.Debug|Mixed Platforms.ActiveCfg = Debug|Win32
		{E93FBD27-AB6C-455B-9225-A03A22173608}.Debug|Mixed Platforms.Build.0 = Debug|Win32
		{E93FBD27-AB6C-455B-9225-A03A22173608}.Debug|Win32.ActiveCfg = Debug|Win32
		{E93FBD27-AB6C-455B-9225-A03A22173608}.Debug|Win32.Build.0 = Debug|Win32
		{E93FBD27-AB6C-455B-9225-A03A22173608}.Debug|x64.ActiveCfg = Debug|x64
		{E93FBD27-AB6C-455B-9225-A03A22173608}.Debug|x64.Build.0 = Debug|x64
		{E93FBD27-AB6C-455B-9225-A03A22173608}.Release|Mixed Platforms.ActiveCfg = Release|Win32
		{E93FBD27-AB6C-455B-9225-A03A22173608}.Release|Mixed Platforms.Build.0 = Release|Win32
		{E93FBD27-AB6C-455B-9225-A03A22173608}.Release|Win32.ActiveCfg = Release|Win32
		{E93FBD27-AB6C-455B-9225-A03A22173608}.Release|Win32.Build.0 = Release|Win32
		{E93FBD27-AB6C-455B-9225-A03A22173608}.Release|x64.ActiveCfg = Release|Win32
		{04B87BBB-E5AB-4708-B8C0-145965A7BE61}.Debug|Mixed Platforms.ActiveCfg = Debug|Win32
		{04B87BBB-E5AB-4708-B8C0-145965A7BE61}.Debug|Mixed Platforms.Build.0 = Debug|Win32
		{04B87BBB-E5AB-4708-B8C0-145965A7BE61}.Debug|Win32.ActiveCfg = Debug|Win32
		{04B87BBB-E5AB-4708-B8C0-145965A7BE61}.Debug|Win32.Build.0 = Debug|Win32
		{04B87BBB-E5AB-4708-B8C0-145965A7BE61}.Debug|x64.ActiveCfg = Debug|x64
		{04B87BBB-E5AB-4708-B8C0-145965A7BE61}.Debug|x64.Build.0 = Debug|x64
		{04B87BBB-E5AB-4708-B8C0-145965A7BE61}.Release|Mixed Platforms.ActiveCfg = Release|Win32
		{04B87BBB-E5AB-4708-B8C0-145965A7BE61}.Release|Mixed Platforms.Build.0 = Release|Win32
		{04B87BBB-E5AB-4708-B8C0-145965A7BE61}.Release|Win32.ActiveCfg = Release|Win32
		{04B87BBB-E5AB-4708-B8C0-145965A7BE61}.Release|Win32.Build.0 = Release|Win32
		{04B87BBB-E5AB-4708-B8C0-145965A7BE61}.Release|x64.ActiveCfg = Release|Win32
	EndGlobalSection
	GlobalSection(SolutionProperties) = preSolution
		HideSolutionNode = FALSE
	EndGlobalSection
EndGlobal
