
Microsoft Visual Studio Solution File, Format Version 12.00
# Visual Studio 2012
Project("{8BC9CEB8-8B4A-11D0-8D11-00A0C91BC942}") = "libAssembly", "abyss\Assembly\Assembly.vcxproj", "{3B4BA789-B3F0-4F22-BF6B-DB4E1AFAB6BB}"
EndProject
Project("{8BC9CEB8-8B4A-11D0-8D11-00A0C91BC942}") = "libCommon", "abyss\Common\Common.vcxproj", "{0B941631-1BA7-419E-A524-6E45B23294FB}"
EndProject
Project("{8BC9CEB8-8B4A-11D0-8D11-00A0C91BC942}") = "libDataLayer", "abyss\DataLayer\DataLayer.vcxproj", "{7E4A03F0-435B-42FF-8850-62A94894E7A9}"
EndProject
Project("{8BC9CEB8-8B4A-11D0-8D11-00A0C91BC942}") = "libFMIndex", "abyss\FMIndex\FMIndex.vcxproj", "{1F27ACF1-7000-4959-82B7-D76E49351C51}"
EndProject
Project("{8BC9CEB8-8B4A-11D0-8D11-00A0C91BC942}") = "libGraph", "abyss\Graph\Graph.vcxproj", "{B0D1099B-4CB0-4D88-BBCA-5AF22D3DF8F5}"
EndProject
Project("{8BC9CEB8-8B4A-11D0-8D11-00A0C91BC942}") = "abyss-tofastq", "abyss\DataLayer\abyss-tofastq.vcxproj", "{4D7F8CF8-7A95-4A3B-A3A7-0C8D22B21375}"
	ProjectSection(ProjectDependencies) = postProject
		{0B941631-1BA7-419E-A524-6E45B23294FB} = {0B941631-1BA7-419E-A524-6E45B23294FB}
		{7E4A03F0-435B-42FF-8850-62A94894E7A9} = {7E4A03F0-435B-42FF-8850-62A94894E7A9}
	EndProjectSection
EndProject
Project("{8BC9CEB8-8B4A-11D0-8D11-00A0C91BC942}") = "abyss-fac", "abyss\DataLayer\abyss-fac.vcxproj", "{3CECC44C-2CFC-4590-887D-D72404766091}"
	ProjectSection(ProjectDependencies) = postProject
		{0B941631-1BA7-419E-A524-6E45B23294FB} = {0B941631-1BA7-419E-A524-6E45B23294FB}
		{7E4A03F0-435B-42FF-8850-62A94894E7A9} = {7E4A03F0-435B-42FF-8850-62A94894E7A9}
	EndProjectSection
EndProject
Project("{8BC9CEB8-8B4A-11D0-8D11-00A0C91BC942}") = "abyss-gc", "abyss\Graph\abyss-gc.vcxproj", "{13509E0A-695A-47B9-9B49-19C67864C813}"
	ProjectSection(ProjectDependencies) = postProject
		{0B941631-1BA7-419E-A524-6E45B23294FB} = {0B941631-1BA7-419E-A524-6E45B23294FB}
		{B0D1099B-4CB0-4D88-BBCA-5AF22D3DF8F5} = {B0D1099B-4CB0-4D88-BBCA-5AF22D3DF8F5}
	EndProjectSection
EndProject
Project("{8BC9CEB8-8B4A-11D0-8D11-00A0C91BC942}") = "abyss-todot", "abyss\Graph\abyss-todot.vcxproj", "{214B4617-38E3-4E26-BE10-596B1DB2EFBB}"
	ProjectSection(ProjectDependencies) = postProject
		{0B941631-1BA7-419E-A524-6E45B23294FB} = {0B941631-1BA7-419E-A524-6E45B23294FB}
		{B0D1099B-4CB0-4D88-BBCA-5AF22D3DF8F5} = {B0D1099B-4CB0-4D88-BBCA-5AF22D3DF8F5}
	EndProjectSection
EndProject
Project("{8BC9CEB8-8B4A-11D0-8D11-00A0C91BC942}") = "abyss-count", "abyss\FMIndex\abyss-count.vcxproj", "{88CC5EE4-7871-4D48-997D-D9D8406ECCDD}"
	ProjectSection(ProjectDependencies) = postProject
		{0B941631-1BA7-419E-A524-6E45B23294FB} = {0B941631-1BA7-419E-A524-6E45B23294FB}
		{1F27ACF1-7000-4959-82B7-D76E49351C51} = {1F27ACF1-7000-4959-82B7-D76E49351C51}
	EndProjectSection
EndProject
Project("{8BC9CEB8-8B4A-11D0-8D11-00A0C91BC942}") = "abyss-dawg", "abyss\FMIndex\abyss-dawg.vcxproj", "{6E99A479-540E-4123-9303-5CECB9D88A43}"
	ProjectSection(ProjectDependencies) = postProject
		{0B941631-1BA7-419E-A524-6E45B23294FB} = {0B941631-1BA7-419E-A524-6E45B23294FB}
		{1F27ACF1-7000-4959-82B7-D76E49351C51} = {1F27ACF1-7000-4959-82B7-D76E49351C51}
	EndProjectSection
EndProject
Project("{8BC9CEB8-8B4A-11D0-8D11-00A0C91BC942}") = "libdialign", "abyss\dialign\libdialign.vcxproj", "{71772A44-44C6-4FC3-B793-3758ABBD428E}"
EndProject
Project("{8BC9CEB8-8B4A-11D0-8D11-00A0C91BC942}") = "dialign", "abyss\dialign\dialign.vcxproj", "{4A808D20-3B1A-44A0-B397-74CF38119EF5}"
	ProjectSection(ProjectDependencies) = postProject
		{71772A44-44C6-4FC3-B793-3758ABBD428E} = {71772A44-44C6-4FC3-B793-3758ABBD428E}
	EndProjectSection
EndProject
Project("{8BC9CEB8-8B4A-11D0-8D11-00A0C91BC942}") = "libAlign", "abyss\Align\libAlign.vcxproj", "{704B8CD7-6AA9-423E-8921-21E5EB79542D}"
EndProject
Project("{8BC9CEB8-8B4A-11D0-8D11-00A0C91BC942}") = "abyss-align", "abyss\Align\abyss-align.vcxproj", "{96A01DEC-7F31-4BBD-8616-A24BFC52CF36}"
EndProject
Project("{8BC9CEB8-8B4A-11D0-8D11-00A0C91BC942}") = "ABYSS", "abyss\ABYSS\ABYSS.vcxproj", "{D3A72791-6FF8-4A07-8D6F-4DE67C569F6F}"
	ProjectSection(ProjectDependencies) = postProject
		{0B941631-1BA7-419E-A524-6E45B23294FB} = {0B941631-1BA7-419E-A524-6E45B23294FB}
		{3B4BA789-B3F0-4F22-BF6B-DB4E1AFAB6BB} = {3B4BA789-B3F0-4F22-BF6B-DB4E1AFAB6BB}
		{7E4A03F0-435B-42FF-8850-62A94894E7A9} = {7E4A03F0-435B-42FF-8850-62A94894E7A9}
	EndProjectSection
EndProject
Project("{8BC9CEB8-8B4A-11D0-8D11-00A0C91BC942}") = "AdjList", "abyss\AdjList\AdjList.vcxproj", "{C8180C95-8739-4B13-820E-A16701D91FBB}"
	ProjectSection(ProjectDependencies) = postProject
		{0B941631-1BA7-419E-A524-6E45B23294FB} = {0B941631-1BA7-419E-A524-6E45B23294FB}
		{B0D1099B-4CB0-4D88-BBCA-5AF22D3DF8F5} = {B0D1099B-4CB0-4D88-BBCA-5AF22D3DF8F5}
		{7E4A03F0-435B-42FF-8850-62A94894E7A9} = {7E4A03F0-435B-42FF-8850-62A94894E7A9}
	EndProjectSection
EndProject
Project("{8BC9CEB8-8B4A-11D0-8D11-00A0C91BC942}") = "Consensus", "abyss\Consensus\Consensus.vcxproj", "{2FA2939A-4CE6-4749-A4EE-0F33D71507AC}"
	ProjectSection(ProjectDependencies) = postProject
		{0B941631-1BA7-419E-A524-6E45B23294FB} = {0B941631-1BA7-419E-A524-6E45B23294FB}
		{7E4A03F0-435B-42FF-8850-62A94894E7A9} = {7E4A03F0-435B-42FF-8850-62A94894E7A9}
	EndProjectSection
EndProject
Project("{8BC9CEB8-8B4A-11D0-8D11-00A0C91BC942}") = "DAssembly", "abyss\DAssembler\DAssembly.vcxproj", "{1AA6F269-03E6-4333-A495-34B3E7D1646C}"
	ProjectSection(ProjectDependencies) = postProject
		{0B941631-1BA7-419E-A524-6E45B23294FB} = {0B941631-1BA7-419E-A524-6E45B23294FB}
		{7E4A03F0-435B-42FF-8850-62A94894E7A9} = {7E4A03F0-435B-42FF-8850-62A94894E7A9}
	EndProjectSection
EndProject
Project("{8BC9CEB8-8B4A-11D0-8D11-00A0C91BC942}") = "DistanceEst", "abyss\DistanceEst\DistanceEst.vcxproj", "{DB6B3DDC-04A4-4BDE-9C49-EF8320878E1D}"
EndProject
Project("{8BC9CEB8-8B4A-11D0-8D11-00A0C91BC942}") = "KAligner", "abyss\KAligner\KAligner.vcxproj", "{80114E29-AE76-4ACF-B44D-3A78EA5A8018}"
	ProjectSection(ProjectDependencies) = postProject
		{0B941631-1BA7-419E-A524-6E45B23294FB} = {0B941631-1BA7-419E-A524-6E45B23294FB}
		{7E4A03F0-435B-42FF-8850-62A94894E7A9} = {7E4A03F0-435B-42FF-8850-62A94894E7A9}
	EndProjectSection
EndProject
Project("{8BC9CEB8-8B4A-11D0-8D11-00A0C91BC942}") = "abyss-index", "abyss\Map\abyss-index.vcxproj", "{5D636F68-30A7-45A7-B991-723138AD0A60}"
	ProjectSection(ProjectDependencies) = postProject
		{0B941631-1BA7-419E-A524-6E45B23294FB} = {0B941631-1BA7-419E-A524-6E45B23294FB}
		{7E4A03F0-435B-42FF-8850-62A94894E7A9} = {7E4A03F0-435B-42FF-8850-62A94894E7A9}
		{1F27ACF1-7000-4959-82B7-D76E49351C51} = {1F27ACF1-7000-4959-82B7-D76E49351C51}
	EndProjectSection
EndProject
Project("{8BC9CEB8-8B4A-11D0-8D11-00A0C91BC942}") = "abyss-map", "abyss\Map\abyss-map.vcxproj", "{258E5ABF-6E3A-45B9-A944-78B1B8D0B1FE}"
	ProjectSection(ProjectDependencies) = postProject
		{0B941631-1BA7-419E-A524-6E45B23294FB} = {0B941631-1BA7-419E-A524-6E45B23294FB}
		{7E4A03F0-435B-42FF-8850-62A94894E7A9} = {7E4A03F0-435B-42FF-8850-62A94894E7A9}
		{1F27ACF1-7000-4959-82B7-D76E49351C51} = {1F27ACF1-7000-4959-82B7-D76E49351C51}
	EndProjectSection
EndProject
Project("{8BC9CEB8-8B4A-11D0-8D11-00A0C91BC942}") = "abyss-overlap", "abyss\Map\abyss-overlap.vcxproj", "{EEC3D3ED-A633-4F1F-87E7-7363A005AE24}"
	ProjectSection(ProjectDependencies) = postProject
		{0B941631-1BA7-419E-A524-6E45B23294FB} = {0B941631-1BA7-419E-A524-6E45B23294FB}
		{7E4A03F0-435B-42FF-8850-62A94894E7A9} = {7E4A03F0-435B-42FF-8850-62A94894E7A9}
		{1F27ACF1-7000-4959-82B7-D76E49351C51} = {1F27ACF1-7000-4959-82B7-D76E49351C51}
	EndProjectSection
EndProject
Project("{8BC9CEB8-8B4A-11D0-8D11-00A0C91BC942}") = "MergePaths", "abyss\MergePaths\MergePaths.vcxproj", "{0543614F-C7D6-4835-8D51-919F01BBFFD7}"
	ProjectSection(ProjectDependencies) = postProject
		{0B941631-1BA7-419E-A524-6E45B23294FB} = {0B941631-1BA7-419E-A524-6E45B23294FB}
		{B0D1099B-4CB0-4D88-BBCA-5AF22D3DF8F5} = {B0D1099B-4CB0-4D88-BBCA-5AF22D3DF8F5}
		{7E4A03F0-435B-42FF-8850-62A94894E7A9} = {7E4A03F0-435B-42FF-8850-62A94894E7A9}
	EndProjectSection
EndProject
Project("{8BC9CEB8-8B4A-11D0-8D11-00A0C91BC942}") = "MergeContigs", "abyss\MergePaths\MergeContigs.vcxproj", "{18759AF2-0B22-42BD-9EFD-974740196F1C}"
	ProjectSection(ProjectDependencies) = postProject
		{0B941631-1BA7-419E-A524-6E45B23294FB} = {0B941631-1BA7-419E-A524-6E45B23294FB}
		{B0D1099B-4CB0-4D88-BBCA-5AF22D3DF8F5} = {B0D1099B-4CB0-4D88-BBCA-5AF22D3DF8F5}
		{704B8CD7-6AA9-423E-8921-21E5EB79542D} = {704B8CD7-6AA9-423E-8921-21E5EB79542D}
		{7E4A03F0-435B-42FF-8850-62A94894E7A9} = {7E4A03F0-435B-42FF-8850-62A94894E7A9}
	EndProjectSection
EndProject
Project("{8BC9CEB8-8B4A-11D0-8D11-00A0C91BC942}") = "PathConsensus", "abyss\MergePaths\PathConsensus.vcxproj", "{FA6B01C3-175C-4768-9BA9-AB7E1CA8F464}"
	ProjectSection(ProjectDependencies) = postProject
		{0B941631-1BA7-419E-A524-6E45B23294FB} = {0B941631-1BA7-419E-A524-6E45B23294FB}
		{71772A44-44C6-4FC3-B793-3758ABBD428E} = {71772A44-44C6-4FC3-B793-3758ABBD428E}
		{B0D1099B-4CB0-4D88-BBCA-5AF22D3DF8F5} = {B0D1099B-4CB0-4D88-BBCA-5AF22D3DF8F5}
		{704B8CD7-6AA9-423E-8921-21E5EB79542D} = {704B8CD7-6AA9-423E-8921-21E5EB79542D}
		{7E4A03F0-435B-42FF-8850-62A94894E7A9} = {7E4A03F0-435B-42FF-8850-62A94894E7A9}
	EndProjectSection
EndProject
Project("{8BC9CEB8-8B4A-11D0-8D11-00A0C91BC942}") = "Overlap", "abyss\Overlap\Overlap.vcxproj", "{47DC159D-6463-4015-86AE-95CB60CB6F96}"
	ProjectSection(ProjectDependencies) = postProject
		{0B941631-1BA7-419E-A524-6E45B23294FB} = {0B941631-1BA7-419E-A524-6E45B23294FB}
		{B0D1099B-4CB0-4D88-BBCA-5AF22D3DF8F5} = {B0D1099B-4CB0-4D88-BBCA-5AF22D3DF8F5}
		{7E4A03F0-435B-42FF-8850-62A94894E7A9} = {7E4A03F0-435B-42FF-8850-62A94894E7A9}
	EndProjectSection
EndProject
Project("{8BC9CEB8-8B4A-11D0-8D11-00A0C91BC942}") = "ParseAligns", "abyss\ParseAligns\ParseAligns.vcxproj", "{06C6FA62-7150-43EF-AD4F-E46DE0DFC69C}"
	ProjectSection(ProjectDependencies) = postProject
		{0B941631-1BA7-419E-A524-6E45B23294FB} = {0B941631-1BA7-419E-A524-6E45B23294FB}
	EndProjectSection
EndProject
Project("{8BC9CEB8-8B4A-11D0-8D11-00A0C91BC942}") = " abyss-fixmate", "abyss\ParseAligns\ abyss-fixmate.vcxproj", "{C86BDC0F-BAA8-43FA-B952-0A7597C732F1}"
	ProjectSection(ProjectDependencies) = postProject
		{0B941631-1BA7-419E-A524-6E45B23294FB} = {0B941631-1BA7-419E-A524-6E45B23294FB}
	EndProjectSection
EndProject
Global
	GlobalSection(SolutionConfigurationPlatforms) = preSolution
		Debug|Mixed Platforms = Debug|Mixed Platforms
		Debug|Win32 = Debug|Win32
		Debug|x64 = Debug|x64
		Release|Mixed Platforms = Release|Mixed Platforms
		Release|Win32 = Release|Win32
		Release|x64 = Release|x64
	EndGlobalSection
	GlobalSection(ProjectConfigurationPlatforms) = postSolution
		{3B4BA789-B3F0-4F22-BF6B-DB4E1AFAB6BB}.Debug|Mixed Platforms.ActiveCfg = Debug|Win32
		{3B4BA789-B3F0-4F22-BF6B-DB4E1AFAB6BB}.Debug|Mixed Platforms.Build.0 = Debug|Win32
		{3B4BA789-B3F0-4F22-BF6B-DB4E1AFAB6BB}.Debug|Win32.ActiveCfg = Debug|Win32
		{3B4BA789-B3F0-4F22-BF6B-DB4E1AFAB6BB}.Debug|Win32.Build.0 = Debug|Win32
		{3B4BA789-B3F0-4F22-BF6B-DB4E1AFAB6BB}.Debug|x64.ActiveCfg = Debug|x64
		{3B4BA789-B3F0-4F22-BF6B-DB4E1AFAB6BB}.Debug|x64.Build.0 = Debug|x64
		{3B4BA789-B3F0-4F22-BF6B-DB4E1AFAB6BB}.Release|Mixed Platforms.ActiveCfg = Release|Win32
		{3B4BA789-B3F0-4F22-BF6B-DB4E1AFAB6BB}.Release|Mixed Platforms.Build.0 = Release|Win32
		{3B4BA789-B3F0-4F22-BF6B-DB4E1AFAB6BB}.Release|Win32.ActiveCfg = Release|Win32
		{3B4BA789-B3F0-4F22-BF6B-DB4E1AFAB6BB}.Release|Win32.Build.0 = Release|Win32
		{3B4BA789-B3F0-4F22-BF6B-DB4E1AFAB6BB}.Release|x64.ActiveCfg = Release|x64
		{3B4BA789-B3F0-4F22-BF6B-DB4E1AFAB6BB}.Release|x64.Build.0 = Release|x64
		{0B941631-1BA7-419E-A524-6E45B23294FB}.Debug|Mixed Platforms.ActiveCfg = Debug|Win32
		{0B941631-1BA7-419E-A524-6E45B23294FB}.Debug|Mixed Platforms.Build.0 = Debug|Win32
		{0B941631-1BA7-419E-A524-6E45B23294FB}.Debug|Win32.ActiveCfg = Debug|Win32
		{0B941631-1BA7-419E-A524-6E45B23294FB}.Debug|Win32.Build.0 = Debug|Win32
		{0B941631-1BA7-419E-A524-6E45B23294FB}.Debug|x64.ActiveCfg = Debug|x64
		{0B941631-1BA7-419E-A524-6E45B23294FB}.Debug|x64.Build.0 = Debug|x64
		{0B941631-1BA7-419E-A524-6E45B23294FB}.Release|Mixed Platforms.ActiveCfg = Release|Win32
		{0B941631-1BA7-419E-A524-6E45B23294FB}.Release|Mixed Platforms.Build.0 = Release|Win32
		{0B941631-1BA7-419E-A524-6E45B23294FB}.Release|Win32.ActiveCfg = Release|Win32
		{0B941631-1BA7-419E-A524-6E45B23294FB}.Release|Win32.Build.0 = Release|Win32
		{0B941631-1BA7-419E-A524-6E45B23294FB}.Release|x64.ActiveCfg = Release|Win32
		{7E4A03F0-435B-42FF-8850-62A94894E7A9}.Debug|Mixed Platforms.ActiveCfg = Debug|Win32
		{7E4A03F0-435B-42FF-8850-62A94894E7A9}.Debug|Mixed Platforms.Build.0 = Debug|Win32
		{7E4A03F0-435B-42FF-8850-62A94894E7A9}.Debug|Win32.ActiveCfg = Debug|Win32
		{7E4A03F0-435B-42FF-8850-62A94894E7A9}.Debug|Win32.Build.0 = Debug|Win32
		{7E4A03F0-435B-42FF-8850-62A94894E7A9}.Debug|x64.ActiveCfg = Debug|x64
		{7E4A03F0-435B-42FF-8850-62A94894E7A9}.Debug|x64.Build.0 = Debug|x64
		{7E4A03F0-435B-42FF-8850-62A94894E7A9}.Release|Mixed Platforms.ActiveCfg = Release|Win32
		{7E4A03F0-435B-42FF-8850-62A94894E7A9}.Release|Mixed Platforms.Build.0 = Release|Win32
		{7E4A03F0-435B-42FF-8850-62A94894E7A9}.Release|Win32.ActiveCfg = Release|Win32
		{7E4A03F0-435B-42FF-8850-62A94894E7A9}.Release|Win32.Build.0 = Release|Win32
		{7E4A03F0-435B-42FF-8850-62A94894E7A9}.Release|x64.ActiveCfg = Release|Win32
		{1F27ACF1-7000-4959-82B7-D76E49351C51}.Debug|Mixed Platforms.ActiveCfg = Debug|Win32
		{1F27ACF1-7000-4959-82B7-D76E49351C51}.Debug|Mixed Platforms.Build.0 = Debug|Win32
		{1F27ACF1-7000-4959-82B7-D76E49351C51}.Debug|Win32.ActiveCfg = Debug|Win32
		{1F27ACF1-7000-4959-82B7-D76E49351C51}.Debug|Win32.Build.0 = Debug|Win32
		{1F27ACF1-7000-4959-82B7-D76E49351C51}.Debug|x64.ActiveCfg = Debug|x64
		{1F27ACF1-7000-4959-82B7-D76E49351C51}.Debug|x64.Build.0 = Debug|x64
		{1F27ACF1-7000-4959-82B7-D76E49351C51}.Release|Mixed Platforms.ActiveCfg = Release|Win32
		{1F27ACF1-7000-4959-82B7-D76E49351C51}.Release|Mixed Platforms.Build.0 = Release|Win32
		{1F27ACF1-7000-4959-82B7-D76E49351C51}.Release|Win32.ActiveCfg = Release|Win32
		{1F27ACF1-7000-4959-82B7-D76E49351C51}.Release|Win32.Build.0 = Release|Win32
		{1F27ACF1-7000-4959-82B7-D76E49351C51}.Release|x64.ActiveCfg = Release|Win32
		{B0D1099B-4CB0-4D88-BBCA-5AF22D3DF8F5}.Debug|Mixed Platforms.ActiveCfg = Debug|Win32
		{B0D1099B-4CB0-4D88-BBCA-5AF22D3DF8F5}.Debug|Mixed Platforms.Build.0 = Debug|Win32
		{B0D1099B-4CB0-4D88-BBCA-5AF22D3DF8F5}.Debug|Win32.ActiveCfg = Debug|Win32
		{B0D1099B-4CB0-4D88-BBCA-5AF22D3DF8F5}.Debug|Win32.Build.0 = Debug|Win32
		{B0D1099B-4CB0-4D88-BBCA-5AF22D3DF8F5}.Debug|x64.ActiveCfg = Debug|x64
		{B0D1099B-4CB0-4D88-BBCA-5AF22D3DF8F5}.Debug|x64.Build.0 = Debug|x64
		{B0D1099B-4CB0-4D88-BBCA-5AF22D3DF8F5}.Release|Mixed Platforms.ActiveCfg = Release|Win32
		{B0D1099B-4CB0-4D88-BBCA-5AF22D3DF8F5}.Release|Mixed Platforms.Build.0 = Release|Win32
		{B0D1099B-4CB0-4D88-BBCA-5AF22D3DF8F5}.Release|Win32.ActiveCfg = Release|Win32
		{B0D1099B-4CB0-4D88-BBCA-5AF22D3DF8F5}.Release|Win32.Build.0 = Release|Win32
		{B0D1099B-4CB0-4D88-BBCA-5AF22D3DF8F5}.Release|x64.ActiveCfg = Release|Win32
		{4D7F8CF8-7A95-4A3B-A3A7-0C8D22B21375}.Debug|Mixed Platforms.ActiveCfg = Debug|Win32
		{4D7F8CF8-7A95-4A3B-A3A7-0C8D22B21375}.Debug|Mixed Platforms.Build.0 = Debug|Win32
		{4D7F8CF8-7A95-4A3B-A3A7-0C8D22B21375}.Debug|Win32.ActiveCfg = Debug|Win32
		{4D7F8CF8-7A95-4A3B-A3A7-0C8D22B21375}.Debug|Win32.Build.0 = Debug|Win32
		{4D7F8CF8-7A95-4A3B-A3A7-0C8D22B21375}.Debug|x64.ActiveCfg = Debug|x64
		{4D7F8CF8-7A95-4A3B-A3A7-0C8D22B21375}.Debug|x64.Build.0 = Debug|x64
		{4D7F8CF8-7A95-4A3B-A3A7-0C8D22B21375}.Release|Mixed Platforms.ActiveCfg = Release|Win32
		{4D7F8CF8-7A95-4A3B-A3A7-0C8D22B21375}.Release|Mixed Platforms.Build.0 = Release|Win32
		{4D7F8CF8-7A95-4A3B-A3A7-0C8D22B21375}.Release|Win32.ActiveCfg = Release|Win32
		{4D7F8CF8-7A95-4A3B-A3A7-0C8D22B21375}.Release|Win32.Build.0 = Release|Win32
		{4D7F8CF8-7A95-4A3B-A3A7-0C8D22B21375}.Release|x64.ActiveCfg = Release|Win32
		{3CECC44C-2CFC-4590-887D-D72404766091}.Debug|Mixed Platforms.ActiveCfg = Debug|Win32
		{3CECC44C-2CFC-4590-887D-D72404766091}.Debug|Mixed Platforms.Build.0 = Debug|Win32
		{3CECC44C-2CFC-4590-887D-D72404766091}.Debug|Win32.ActiveCfg = Debug|Win32
		{3CECC44C-2CFC-4590-887D-D72404766091}.Debug|Win32.Build.0 = Debug|Win32
		{3CECC44C-2CFC-4590-887D-D72404766091}.Debug|x64.ActiveCfg = Debug|x64
		{3CECC44C-2CFC-4590-887D-D72404766091}.Debug|x64.Build.0 = Debug|x64
		{3CECC44C-2CFC-4590-887D-D72404766091}.Release|Mixed Platforms.ActiveCfg = Release|Win32
		{3CECC44C-2CFC-4590-887D-D72404766091}.Release|Mixed Platforms.Build.0 = Release|Win32
		{3CECC44C-2CFC-4590-887D-D72404766091}.Release|Win32.ActiveCfg = Release|Win32
		{3CECC44C-2CFC-4590-887D-D72404766091}.Release|Win32.Build.0 = Release|Win32
		{3CECC44C-2CFC-4590-887D-D72404766091}.Release|x64.ActiveCfg = Release|Win32
		{13509E0A-695A-47B9-9B49-19C67864C813}.Debug|Mixed Platforms.ActiveCfg = Debug|Win32
		{13509E0A-695A-47B9-9B49-19C67864C813}.Debug|Mixed Platforms.Build.0 = Debug|Win32
		{13509E0A-695A-47B9-9B49-19C67864C813}.Debug|Win32.ActiveCfg = Debug|Win32
		{13509E0A-695A-47B9-9B49-19C67864C813}.Debug|Win32.Build.0 = Debug|Win32
		{13509E0A-695A-47B9-9B49-19C67864C813}.Debug|x64.ActiveCfg = Debug|x64
		{13509E0A-695A-47B9-9B49-19C67864C813}.Debug|x64.Build.0 = Debug|x64
		{13509E0A-695A-47B9-9B49-19C67864C813}.Release|Mixed Platforms.ActiveCfg = Release|Win32
		{13509E0A-695A-47B9-9B49-19C67864C813}.Release|Mixed Platforms.Build.0 = Release|Win32
		{13509E0A-695A-47B9-9B49-19C67864C813}.Release|Win32.ActiveCfg = Release|Win32
		{13509E0A-695A-47B9-9B49-19C67864C813}.Release|Win32.Build.0 = Release|Win32
		{13509E0A-695A-47B9-9B49-19C67864C813}.Release|x64.ActiveCfg = Release|Win32
		{214B4617-38E3-4E26-BE10-596B1DB2EFBB}.Debug|Mixed Platforms.ActiveCfg = Debug|Win32
		{214B4617-38E3-4E26-BE10-596B1DB2EFBB}.Debug|Mixed Platforms.Build.0 = Debug|Win32
		{214B4617-38E3-4E26-BE10-596B1DB2EFBB}.Debug|Win32.ActiveCfg = Debug|Win32
		{214B4617-38E3-4E26-BE10-596B1DB2EFBB}.Debug|Win32.Build.0 = Debug|Win32
		{214B4617-38E3-4E26-BE10-596B1DB2EFBB}.Debug|x64.ActiveCfg = Debug|x64
		{214B4617-38E3-4E26-BE10-596B1DB2EFBB}.Debug|x64.Build.0 = Debug|x64
		{214B4617-38E3-4E26-BE10-596B1DB2EFBB}.Release|Mixed Platforms.ActiveCfg = Release|Win32
		{214B4617-38E3-4E26-BE10-596B1DB2EFBB}.Release|Mixed Platforms.Build.0 = Release|Win32
		{214B4617-38E3-4E26-BE10-596B1DB2EFBB}.Release|Win32.ActiveCfg = Release|Win32
		{214B4617-38E3-4E26-BE10-596B1DB2EFBB}.Release|Win32.Build.0 = Release|Win32
		{214B4617-38E3-4E26-BE10-596B1DB2EFBB}.Release|x64.ActiveCfg = Release|Win32
		{88CC5EE4-7871-4D48-997D-D9D8406ECCDD}.Debug|Mixed Platforms.ActiveCfg = Debug|Win32
		{88CC5EE4-7871-4D48-997D-D9D8406ECCDD}.Debug|Mixed Platforms.Build.0 = Debug|Win32
		{88CC5EE4-7871-4D48-997D-D9D8406ECCDD}.Debug|Win32.ActiveCfg = Debug|Win32
		{88CC5EE4-7871-4D48-997D-D9D8406ECCDD}.Debug|Win32.Build.0 = Debug|Win32
		{88CC5EE4-7871-4D48-997D-D9D8406ECCDD}.Debug|x64.ActiveCfg = Debug|x64
		{88CC5EE4-7871-4D48-997D-D9D8406ECCDD}.Debug|x64.Build.0 = Debug|x64
		{88CC5EE4-7871-4D48-997D-D9D8406ECCDD}.Release|Mixed Platforms.ActiveCfg = Release|Win32
		{88CC5EE4-7871-4D48-997D-D9D8406ECCDD}.Release|Mixed Platforms.Build.0 = Release|Win32
		{88CC5EE4-7871-4D48-997D-D9D8406ECCDD}.Release|Win32.ActiveCfg = Release|Win32
		{88CC5EE4-7871-4D48-997D-D9D8406ECCDD}.Release|Win32.Build.0 = Release|Win32
		{88CC5EE4-7871-4D48-997D-D9D8406ECCDD}.Release|x64.ActiveCfg = Release|Win32
		{6E99A479-540E-4123-9303-5CECB9D88A43}.Debug|Mixed Platforms.ActiveCfg = Debug|Win32
		{6E99A479-540E-4123-9303-5CECB9D88A43}.Debug|Mixed Platforms.Build.0 = Debug|Win32
		{6E99A479-540E-4123-9303-5CECB9D88A43}.Debug|Win32.ActiveCfg = Debug|Win32
		{6E99A479-540E-4123-9303-5CECB9D88A43}.Debug|Win32.Build.0 = Debug|Win32
		{6E99A479-540E-4123-9303-5CECB9D88A43}.Debug|x64.ActiveCfg = Debug|x64
		{6E99A479-540E-4123-9303-5CECB9D88A43}.Debug|x64.Build.0 = Debug|x64
		{6E99A479-540E-4123-9303-5CECB9D88A43}.Release|Mixed Platforms.ActiveCfg = Release|Win32
		{6E99A479-540E-4123-9303-5CECB9D88A43}.Release|Mixed Platforms.Build.0 = Release|Win32
		{6E99A479-540E-4123-9303-5CECB9D88A43}.Release|Win32.ActiveCfg = Release|Win32
		{6E99A479-540E-4123-9303-5CECB9D88A43}.Release|Win32.Build.0 = Release|Win32
		{6E99A479-540E-4123-9303-5CECB9D88A43}.Release|x64.ActiveCfg = Release|Win32
		{71772A44-44C6-4FC3-B793-3758ABBD428E}.Debug|Mixed Platforms.ActiveCfg = Debug|Win32
		{71772A44-44C6-4FC3-B793-3758ABBD428E}.Debug|Mixed Platforms.Build.0 = Debug|Win32
		{71772A44-44C6-4FC3-B793-3758ABBD428E}.Debug|Win32.ActiveCfg = Debug|Win32
		{71772A44-44C6-4FC3-B793-3758ABBD428E}.Debug|Win32.Build.0 = Debug|Win32
		{71772A44-44C6-4FC3-B793-3758ABBD428E}.Debug|x64.ActiveCfg = Debug|x64
		{71772A44-44C6-4FC3-B793-3758ABBD428E}.Debug|x64.Build.0 = Debug|x64
		{71772A44-44C6-4FC3-B793-3758ABBD428E}.Release|Mixed Platforms.ActiveCfg = Release|Win32
		{71772A44-44C6-4FC3-B793-3758ABBD428E}.Release|Mixed Platforms.Build.0 = Release|Win32
		{71772A44-44C6-4FC3-B793-3758ABBD428E}.Release|Win32.ActiveCfg = Release|Win32
		{71772A44-44C6-4FC3-B793-3758ABBD428E}.Release|Win32.Build.0 = Release|Win32
		{71772A44-44C6-4FC3-B793-3758ABBD428E}.Release|x64.ActiveCfg = Release|Win32
		{4A808D20-3B1A-44A0-B397-74CF38119EF5}.Debug|Mixed Platforms.ActiveCfg = Debug|Win32
		{4A808D20-3B1A-44A0-B397-74CF38119EF5}.Debug|Mixed Platforms.Build.0 = Debug|Win32
		{4A808D20-3B1A-44A0-B397-74CF38119EF5}.Debug|Win32.ActiveCfg = Debug|Win32
		{4A808D20-3B1A-44A0-B397-74CF38119EF5}.Debug|Win32.Build.0 = Debug|Win32
		{4A808D20-3B1A-44A0-B397-74CF38119EF5}.Debug|x64.ActiveCfg = Debug|x64
		{4A808D20-3B1A-44A0-B397-74CF38119EF5}.Debug|x64.Build.0 = Debug|x64
		{4A808D20-3B1A-44A0-B397-74CF38119EF5}.Release|Mixed Platforms.ActiveCfg = Release|Win32
		{4A808D20-3B1A-44A0-B397-74CF38119EF5}.Release|Mixed Platforms.Build.0 = Release|Win32
		{4A808D20-3B1A-44A0-B397-74CF38119EF5}.Release|Win32.ActiveCfg = Release|Win32
		{4A808D20-3B1A-44A0-B397-74CF38119EF5}.Release|Win32.Build.0 = Release|Win32
		{4A808D20-3B1A-44A0-B397-74CF38119EF5}.Release|x64.ActiveCfg = Release|Win32
		{704B8CD7-6AA9-423E-8921-21E5EB79542D}.Debug|Mixed Platforms.ActiveCfg = Debug|Win32
		{704B8CD7-6AA9-423E-8921-21E5EB79542D}.Debug|Mixed Platforms.Build.0 = Debug|Win32
		{704B8CD7-6AA9-423E-8921-21E5EB79542D}.Debug|Win32.ActiveCfg = Debug|Win32
		{704B8CD7-6AA9-423E-8921-21E5EB79542D}.Debug|Win32.Build.0 = Debug|Win32
		{704B8CD7-6AA9-423E-8921-21E5EB79542D}.Debug|x64.ActiveCfg = Debug|x64
		{704B8CD7-6AA9-423E-8921-21E5EB79542D}.Debug|x64.Build.0 = Debug|x64
		{704B8CD7-6AA9-423E-8921-21E5EB79542D}.Release|Mixed Platforms.ActiveCfg = Release|Win32
		{704B8CD7-6AA9-423E-8921-21E5EB79542D}.Release|Mixed Platforms.Build.0 = Release|Win32
		{704B8CD7-6AA9-423E-8921-21E5EB79542D}.Release|Win32.ActiveCfg = Release|Win32
		{704B8CD7-6AA9-423E-8921-21E5EB79542D}.Release|Win32.Build.0 = Release|Win32
		{704B8CD7-6AA9-423E-8921-21E5EB79542D}.Release|x64.ActiveCfg = Release|Win32
		{704B8CD7-6AA9-423E-8921-21E5EB79542D}.Release|x64.Build.0 = Release|Win32
		{96A01DEC-7F31-4BBD-8616-A24BFC52CF36}.Debug|Mixed Platforms.ActiveCfg = Debug|Win32
		{96A01DEC-7F31-4BBD-8616-A24BFC52CF36}.Debug|Mixed Platforms.Build.0 = Debug|Win32
		{96A01DEC-7F31-4BBD-8616-A24BFC52CF36}.Debug|Win32.ActiveCfg = Debug|Win32
		{96A01DEC-7F31-4BBD-8616-A24BFC52CF36}.Debug|Win32.Build.0 = Debug|Win32
		{96A01DEC-7F31-4BBD-8616-A24BFC52CF36}.Debug|x64.ActiveCfg = Debug|x64
		{96A01DEC-7F31-4BBD-8616-A24BFC52CF36}.Debug|x64.Build.0 = Debug|x64
		{96A01DEC-7F31-4BBD-8616-A24BFC52CF36}.Release|Mixed Platforms.ActiveCfg = Release|Win32
		{96A01DEC-7F31-4BBD-8616-A24BFC52CF36}.Release|Mixed Platforms.Build.0 = Release|Win32
		{96A01DEC-7F31-4BBD-8616-A24BFC52CF36}.Release|Win32.ActiveCfg = Release|Win32
		{96A01DEC-7F31-4BBD-8616-A24BFC52CF36}.Release|Win32.Build.0 = Release|Win32
		{96A01DEC-7F31-4BBD-8616-A24BFC52CF36}.Release|x64.ActiveCfg = Release|Win32
		{D3A72791-6FF8-4A07-8D6F-4DE67C569F6F}.Debug|Mixed Platforms.ActiveCfg = Debug|Win32
		{D3A72791-6FF8-4A07-8D6F-4DE67C569F6F}.Debug|Mixed Platforms.Build.0 = Debug|Win32
		{D3A72791-6FF8-4A07-8D6F-4DE67C569F6F}.Debug|Win32.ActiveCfg = Debug|Win32
		{D3A72791-6FF8-4A07-8D6F-4DE67C569F6F}.Debug|Win32.Build.0 = Debug|Win32
		{D3A72791-6FF8-4A07-8D6F-4DE67C569F6F}.Debug|x64.ActiveCfg = Debug|x64
		{D3A72791-6FF8-4A07-8D6F-4DE67C569F6F}.Debug|x64.Build.0 = Debug|x64
		{D3A72791-6FF8-4A07-8D6F-4DE67C569F6F}.Release|Mixed Platforms.ActiveCfg = Release|Win32
		{D3A72791-6FF8-4A07-8D6F-4DE67C569F6F}.Release|Mixed Platforms.Build.0 = Release|Win32
		{D3A72791-6FF8-4A07-8D6F-4DE67C569F6F}.Release|Win32.ActiveCfg = Release|Win32
		{D3A72791-6FF8-4A07-8D6F-4DE67C569F6F}.Release|Win32.Build.0 = Release|Win32
		{D3A72791-6FF8-4A07-8D6F-4DE67C569F6F}.Release|x64.ActiveCfg = Release|Win32
		{C8180C95-8739-4B13-820E-A16701D91FBB}.Debug|Mixed Platforms.ActiveCfg = Debug|Win32
		{C8180C95-8739-4B13-820E-A16701D91FBB}.Debug|Mixed Platforms.Build.0 = Debug|Win32
		{C8180C95-8739-4B13-820E-A16701D91FBB}.Debug|Win32.ActiveCfg = Debug|Win32
		{C8180C95-8739-4B13-820E-A16701D91FBB}.Debug|Win32.Build.0 = Debug|Win32
		{C8180C95-8739-4B13-820E-A16701D91FBB}.Debug|x64.ActiveCfg = Debug|x64
		{C8180C95-8739-4B13-820E-A16701D91FBB}.Debug|x64.Build.0 = Debug|x64
		{C8180C95-8739-4B13-820E-A16701D91FBB}.Release|Mixed Platforms.ActiveCfg = Release|Win32
		{C8180C95-8739-4B13-820E-A16701D91FBB}.Release|Mixed Platforms.Build.0 = Release|Win32
		{C8180C95-8739-4B13-820E-A16701D91FBB}.Release|Win32.ActiveCfg = Release|Win32
		{C8180C95-8739-4B13-820E-A16701D91FBB}.Release|Win32.Build.0 = Release|Win32
		{C8180C95-8739-4B13-820E-A16701D91FBB}.Release|x64.ActiveCfg = Release|Win32
		{2FA2939A-4CE6-4749-A4EE-0F33D71507AC}.Debug|Mixed Platforms.ActiveCfg = Debug|Win32
		{2FA2939A-4CE6-4749-A4EE-0F33D71507AC}.Debug|Mixed Platforms.Build.0 = Debug|Win32
		{2FA2939A-4CE6-4749-A4EE-0F33D71507AC}.Debug|Win32.ActiveCfg = Debug|Win32
		{2FA2939A-4CE6-4749-A4EE-0F33D71507AC}.Debug|Win32.Build.0 = Debug|Win32
		{2FA2939A-4CE6-4749-A4EE-0F33D71507AC}.Debug|x64.ActiveCfg = Debug|x64
		{2FA2939A-4CE6-4749-A4EE-0F33D71507AC}.Debug|x64.Build.0 = Debug|x64
		{2FA2939A-4CE6-4749-A4EE-0F33D71507AC}.Release|Mixed Platforms.ActiveCfg = Release|Win32
		{2FA2939A-4CE6-4749-A4EE-0F33D71507AC}.Release|Mixed Platforms.Build.0 = Release|Win32
		{2FA2939A-4CE6-4749-A4EE-0F33D71507AC}.Release|Win32.ActiveCfg = Release|Win32
		{2FA2939A-4CE6-4749-A4EE-0F33D71507AC}.Release|Win32.Build.0 = Release|Win32
		{2FA2939A-4CE6-4749-A4EE-0F33D71507AC}.Release|x64.ActiveCfg = Release|Win32
		{1AA6F269-03E6-4333-A495-34B3E7D1646C}.Debug|Mixed Platforms.ActiveCfg = Debug|Win32
		{1AA6F269-03E6-4333-A495-34B3E7D1646C}.Debug|Mixed Platforms.Build.0 = Debug|Win32
		{1AA6F269-03E6-4333-A495-34B3E7D1646C}.Debug|Win32.ActiveCfg = Debug|Win32
		{1AA6F269-03E6-4333-A495-34B3E7D1646C}.Debug|Win32.Build.0 = Debug|Win32
		{1AA6F269-03E6-4333-A495-34B3E7D1646C}.Debug|x64.ActiveCfg = Debug|x64
		{1AA6F269-03E6-4333-A495-34B3E7D1646C}.Debug|x64.Build.0 = Debug|x64
		{1AA6F269-03E6-4333-A495-34B3E7D1646C}.Release|Mixed Platforms.ActiveCfg = Release|Win32
		{1AA6F269-03E6-4333-A495-34B3E7D1646C}.Release|Mixed Platforms.Build.0 = Release|Win32
		{1AA6F269-03E6-4333-A495-34B3E7D1646C}.Release|Win32.ActiveCfg = Release|Win32
		{1AA6F269-03E6-4333-A495-34B3E7D1646C}.Release|Win32.Build.0 = Release|Win32
		{1AA6F269-03E6-4333-A495-34B3E7D1646C}.Release|x64.ActiveCfg = Release|Win32
		{DB6B3DDC-04A4-4BDE-9C49-EF8320878E1D}.Debug|Mixed Platforms.ActiveCfg = Debug|Win32
		{DB6B3DDC-04A4-4BDE-9C49-EF8320878E1D}.Debug|Mixed Platforms.Build.0 = Debug|Win32
		{DB6B3DDC-04A4-4BDE-9C49-EF8320878E1D}.Debug|Win32.ActiveCfg = Debug|Win32
		{DB6B3DDC-04A4-4BDE-9C49-EF8320878E1D}.Debug|Win32.Build.0 = Debug|Win32
		{DB6B3DDC-04A4-4BDE-9C49-EF8320878E1D}.Debug|x64.ActiveCfg = Debug|x64
		{DB6B3DDC-04A4-4BDE-9C49-EF8320878E1D}.Debug|x64.Build.0 = Debug|x64
		{DB6B3DDC-04A4-4BDE-9C49-EF8320878E1D}.Release|Mixed Platforms.ActiveCfg = Release|Win32
		{DB6B3DDC-04A4-4BDE-9C49-EF8320878E1D}.Release|Mixed Platforms.Build.0 = Release|Win32
		{DB6B3DDC-04A4-4BDE-9C49-EF8320878E1D}.Release|Win32.ActiveCfg = Release|Win32
		{DB6B3DDC-04A4-4BDE-9C49-EF8320878E1D}.Release|Win32.Build.0 = Release|Win32
		{DB6B3DDC-04A4-4BDE-9C49-EF8320878E1D}.Release|x64.ActiveCfg = Release|Win32
		{80114E29-AE76-4ACF-B44D-3A78EA5A8018}.Debug|Mixed Platforms.ActiveCfg = Debug|Win32
		{80114E29-AE76-4ACF-B44D-3A78EA5A8018}.Debug|Mixed Platforms.Build.0 = Debug|Win32
		{80114E29-AE76-4ACF-B44D-3A78EA5A8018}.Debug|Win32.ActiveCfg = Debug|Win32
		{80114E29-AE76-4ACF-B44D-3A78EA5A8018}.Debug|Win32.Build.0 = Debug|Win32
		{80114E29-AE76-4ACF-B44D-3A78EA5A8018}.Debug|x64.ActiveCfg = Debug|x64
		{80114E29-AE76-4ACF-B44D-3A78EA5A8018}.Debug|x64.Build.0 = Debug|x64
		{80114E29-AE76-4ACF-B44D-3A78EA5A8018}.Release|Mixed Platforms.ActiveCfg = Release|Win32
		{80114E29-AE76-4ACF-B44D-3A78EA5A8018}.Release|Mixed Platforms.Build.0 = Release|Win32
		{80114E29-AE76-4ACF-B44D-3A78EA5A8018}.Release|Win32.ActiveCfg = Release|Win32
		{80114E29-AE76-4ACF-B44D-3A78EA5A8018}.Release|Win32.Build.0 = Release|Win32
		{80114E29-AE76-4ACF-B44D-3A78EA5A8018}.Release|x64.ActiveCfg = Release|Win32
		{5D636F68-30A7-45A7-B991-723138AD0A60}.Debug|Mixed Platforms.ActiveCfg = Debug|Win32
		{5D636F68-30A7-45A7-B991-723138AD0A60}.Debug|Mixed Platforms.Build.0 = Debug|Win32
		{5D636F68-30A7-45A7-B991-723138AD0A60}.Debug|Win32.ActiveCfg = Debug|Win32
		{5D636F68-30A7-45A7-B991-723138AD0A60}.Debug|Win32.Build.0 = Debug|Win32
		{5D636F68-30A7-45A7-B991-723138AD0A60}.Debug|x64.ActiveCfg = Debug|x64
		{5D636F68-30A7-45A7-B991-723138AD0A60}.Debug|x64.Build.0 = Debug|x64
		{5D636F68-30A7-45A7-B991-723138AD0A60}.Release|Mixed Platforms.ActiveCfg = Release|Win32
		{5D636F68-30A7-45A7-B991-723138AD0A60}.Release|Mixed Platforms.Build.0 = Release|Win32
		{5D636F68-30A7-45A7-B991-723138AD0A60}.Release|Win32.ActiveCfg = Release|Win32
		{5D636F68-30A7-45A7-B991-723138AD0A60}.Release|Win32.Build.0 = Release|Win32
		{5D636F68-30A7-45A7-B991-723138AD0A60}.Release|x64.ActiveCfg = Release|Win32
		{258E5ABF-6E3A-45B9-A944-78B1B8D0B1FE}.Debug|Mixed Platforms.ActiveCfg = Debug|Win32
		{258E5ABF-6E3A-45B9-A944-78B1B8D0B1FE}.Debug|Mixed Platforms.Build.0 = Debug|Win32
		{258E5ABF-6E3A-45B9-A944-78B1B8D0B1FE}.Debug|Win32.ActiveCfg = Debug|Win32
		{258E5ABF-6E3A-45B9-A944-78B1B8D0B1FE}.Debug|Win32.Build.0 = Debug|Win32
		{258E5ABF-6E3A-45B9-A944-78B1B8D0B1FE}.Debug|x64.ActiveCfg = Debug|x64
		{258E5ABF-6E3A-45B9-A944-78B1B8D0B1FE}.Debug|x64.Build.0 = Debug|x64
		{258E5ABF-6E3A-45B9-A944-78B1B8D0B1FE}.Release|Mixed Platforms.ActiveCfg = Release|Win32
		{258E5ABF-6E3A-45B9-A944-78B1B8D0B1FE}.Release|Mixed Platforms.Build.0 = Release|Win32
		{258E5ABF-6E3A-45B9-A944-78B1B8D0B1FE}.Release|Win32.ActiveCfg = Release|Win32
		{258E5ABF-6E3A-45B9-A944-78B1B8D0B1FE}.Release|Win32.Build.0 = Release|Win32
		{258E5ABF-6E3A-45B9-A944-78B1B8D0B1FE}.Release|x64.ActiveCfg = Release|Win32
		{EEC3D3ED-A633-4F1F-87E7-7363A005AE24}.Debug|Mixed Platforms.ActiveCfg = Debug|Win32
		{EEC3D3ED-A633-4F1F-87E7-7363A005AE24}.Debug|Mixed Platforms.Build.0 = Debug|Win32
		{EEC3D3ED-A633-4F1F-87E7-7363A005AE24}.Debug|Win32.ActiveCfg = Debug|Win32
		{EEC3D3ED-A633-4F1F-87E7-7363A005AE24}.Debug|Win32.Build.0 = Debug|Win32
		{EEC3D3ED-A633-4F1F-87E7-7363A005AE24}.Debug|x64.ActiveCfg = Debug|x64
		{EEC3D3ED-A633-4F1F-87E7-7363A005AE24}.Debug|x64.Build.0 = Debug|x64
		{EEC3D3ED-A633-4F1F-87E7-7363A005AE24}.Release|Mixed Platforms.ActiveCfg = Release|Win32
		{EEC3D3ED-A633-4F1F-87E7-7363A005AE24}.Release|Mixed Platforms.Build.0 = Release|Win32
		{EEC3D3ED-A633-4F1F-87E7-7363A005AE24}.Release|Win32.ActiveCfg = Release|Win32
		{EEC3D3ED-A633-4F1F-87E7-7363A005AE24}.Release|Win32.Build.0 = Release|Win32
		{EEC3D3ED-A633-4F1F-87E7-7363A005AE24}.Release|x64.ActiveCfg = Release|Win32
		{0543614F-C7D6-4835-8D51-919F01BBFFD7}.Debug|Mixed Platforms.ActiveCfg = Debug|Win32
		{0543614F-C7D6-4835-8D51-919F01BBFFD7}.Debug|Mixed Platforms.Build.0 = Debug|Win32
		{0543614F-C7D6-4835-8D51-919F01BBFFD7}.Debug|Win32.ActiveCfg = Debug|Win32
		{0543614F-C7D6-4835-8D51-919F01BBFFD7}.Debug|Win32.Build.0 = Debug|Win32
		{0543614F-C7D6-4835-8D51-919F01BBFFD7}.Debug|x64.ActiveCfg = Debug|x64
		{0543614F-C7D6-4835-8D51-919F01BBFFD7}.Debug|x64.Build.0 = Debug|x64
		{0543614F-C7D6-4835-8D51-919F01BBFFD7}.Release|Mixed Platforms.ActiveCfg = Release|Win32
		{0543614F-C7D6-4835-8D51-919F01BBFFD7}.Release|Mixed Platforms.Build.0 = Release|Win32
		{0543614F-C7D6-4835-8D51-919F01BBFFD7}.Release|Win32.ActiveCfg = Release|Win32
		{0543614F-C7D6-4835-8D51-919F01BBFFD7}.Release|Win32.Build.0 = Release|Win32
		{0543614F-C7D6-4835-8D51-919F01BBFFD7}.Release|x64.ActiveCfg = Release|Win32
		{18759AF2-0B22-42BD-9EFD-974740196F1C}.Debug|Mixed Platforms.ActiveCfg = Debug|Win32
		{18759AF2-0B22-42BD-9EFD-974740196F1C}.Debug|Mixed Platforms.Build.0 = Debug|Win32
		{18759AF2-0B22-42BD-9EFD-974740196F1C}.Debug|Win32.ActiveCfg = Debug|Win32
		{18759AF2-0B22-42BD-9EFD-974740196F1C}.Debug|Win32.Build.0 = Debug|Win32
		{18759AF2-0B22-42BD-9EFD-974740196F1C}.Debug|x64.ActiveCfg = Debug|x64
		{18759AF2-0B22-42BD-9EFD-974740196F1C}.Debug|x64.Build.0 = Debug|x64
		{18759AF2-0B22-42BD-9EFD-974740196F1C}.Release|Mixed Platforms.ActiveCfg = Release|Win32
		{18759AF2-0B22-42BD-9EFD-974740196F1C}.Release|Mixed Platforms.Build.0 = Release|Win32
		{18759AF2-0B22-42BD-9EFD-974740196F1C}.Release|Win32.ActiveCfg = Release|Win32
		{18759AF2-0B22-42BD-9EFD-974740196F1C}.Release|Win32.Build.0 = Release|Win32
		{18759AF2-0B22-42BD-9EFD-974740196F1C}.Release|x64.ActiveCfg = Release|Win32
		{FA6B01C3-175C-4768-9BA9-AB7E1CA8F464}.Debug|Mixed Platforms.ActiveCfg = Debug|Win32
		{FA6B01C3-175C-4768-9BA9-AB7E1CA8F464}.Debug|Mixed Platforms.Build.0 = Debug|Win32
		{FA6B01C3-175C-4768-9BA9-AB7E1CA8F464}.Debug|Win32.ActiveCfg = Debug|Win32
		{FA6B01C3-175C-4768-9BA9-AB7E1CA8F464}.Debug|Win32.Build.0 = Debug|Win32
		{FA6B01C3-175C-4768-9BA9-AB7E1CA8F464}.Debug|x64.ActiveCfg = Debug|x64
		{FA6B01C3-175C-4768-9BA9-AB7E1CA8F464}.Debug|x64.Build.0 = Debug|x64
		{FA6B01C3-175C-4768-9BA9-AB7E1CA8F464}.Release|Mixed Platforms.ActiveCfg = Release|Win32
		{FA6B01C3-175C-4768-9BA9-AB7E1CA8F464}.Release|Mixed Platforms.Build.0 = Release|Win32
		{FA6B01C3-175C-4768-9BA9-AB7E1CA8F464}.Release|Win32.ActiveCfg = Release|Win32
		{FA6B01C3-175C-4768-9BA9-AB7E1CA8F464}.Release|Win32.Build.0 = Release|Win32
		{FA6B01C3-175C-4768-9BA9-AB7E1CA8F464}.Release|x64.ActiveCfg = Release|Win32
		{47DC159D-6463-4015-86AE-95CB60CB6F96}.Debug|Mixed Platforms.ActiveCfg = Debug|Win32
		{47DC159D-6463-4015-86AE-95CB60CB6F96}.Debug|Mixed Platforms.Build.0 = Debug|Win32
		{47DC159D-6463-4015-86AE-95CB60CB6F96}.Debug|Win32.ActiveCfg = Debug|Win32
		{47DC159D-6463-4015-86AE-95CB60CB6F96}.Debug|Win32.Build.0 = Debug|Win32
		{47DC159D-6463-4015-86AE-95CB60CB6F96}.Debug|x64.ActiveCfg = Debug|x64
		{47DC159D-6463-4015-86AE-95CB60CB6F96}.Debug|x64.Build.0 = Debug|x64
		{47DC159D-6463-4015-86AE-95CB60CB6F96}.Release|Mixed Platforms.ActiveCfg = Release|Win32
		{47DC159D-6463-4015-86AE-95CB60CB6F96}.Release|Mixed Platforms.Build.0 = Release|Win32
		{47DC159D-6463-4015-86AE-95CB60CB6F96}.Release|Win32.ActiveCfg = Release|Win32
		{47DC159D-6463-4015-86AE-95CB60CB6F96}.Release|Win32.Build.0 = Release|Win32
		{47DC159D-6463-4015-86AE-95CB60CB6F96}.Release|x64.ActiveCfg = Release|Win32
		{06C6FA62-7150-43EF-AD4F-E46DE0DFC69C}.Debug|Mixed Platforms.ActiveCfg = Debug|Win32
		{06C6FA62-7150-43EF-AD4F-E46DE0DFC69C}.Debug|Mixed Platforms.Build.0 = Debug|Win32
		{06C6FA62-7150-43EF-AD4F-E46DE0DFC69C}.Debug|Win32.ActiveCfg = Debug|Win32
		{06C6FA62-7150-43EF-AD4F-E46DE0DFC69C}.Debug|Win32.Build.0 = Debug|Win32
		{06C6FA62-7150-43EF-AD4F-E46DE0DFC69C}.Debug|x64.ActiveCfg = Debug|x64
		{06C6FA62-7150-43EF-AD4F-E46DE0DFC69C}.Debug|x64.Build.0 = Debug|x64
		{06C6FA62-7150-43EF-AD4F-E46DE0DFC69C}.Release|Mixed Platforms.ActiveCfg = Release|Win32
		{06C6FA62-7150-43EF-AD4F-E46DE0DFC69C}.Release|Mixed Platforms.Build.0 = Release|Win32
		{06C6FA62-7150-43EF-AD4F-E46DE0DFC69C}.Release|Win32.ActiveCfg = Release|Win32
		{06C6FA62-7150-43EF-AD4F-E46DE0DFC69C}.Release|Win32.Build.0 = Release|Win32
		{06C6FA62-7150-43EF-AD4F-E46DE0DFC69C}.Release|x64.ActiveCfg = Release|Win32
		{C86BDC0F-BAA8-43FA-B952-0A7597C732F1}.Debug|Mixed Platforms.ActiveCfg = Debug|Win32
		{C86BDC0F-BAA8-43FA-B952-0A7597C732F1}.Debug|Mixed Platforms.Build.0 = Debug|Win32
		{C86BDC0F-BAA8-43FA-B952-0A7597C732F1}.Debug|Win32.ActiveCfg = Debug|Win32
		{C86BDC0F-BAA8-43FA-B952-0A7597C732F1}.Debug|Win32.Build.0 = Debug|Win32
		{C86BDC0F-BAA8-43FA-B952-0A7597C732F1}.Debug|x64.ActiveCfg = Debug|x64
		{C86BDC0F-BAA8-43FA-B952-0A7597C732F1}.Debug|x64.Build.0 = Debug|x64
		{C86BDC0F-BAA8-43FA-B952-0A7597C732F1}.Release|Mixed Platforms.ActiveCfg = Release|Win32
		{C86BDC0F-BAA8-43FA-B952-0A7597C732F1}.Release|Mixed Platforms.Build.0 = Release|Win32
		{C86BDC0F-BAA8-43FA-B952-0A7597C732F1}.Release|Win32.ActiveCfg = Release|Win32
		{C86BDC0F-BAA8-43FA-B952-0A7597C732F1}.Release|Win32.Build.0 = Release|Win32
		{C86BDC0F-BAA8-43FA-B952-0A7597C732F1}.Release|x64.ActiveCfg = Release|Win32
	EndGlobalSection
	GlobalSection(SolutionProperties) = preSolution
		HideSolutionNode = FALSE
	EndGlobalSection
EndGlobal
