
Microsoft Visual Studio Solution File, Format Version 12.00
# Visual Studio 2012
Project("{8BC9CEB8-8B4A-11D0-8D11-00A0C91BC942}") = "abyss-fac", "abyss-fac.vcxproj", "{3CECC44C-2CFC-4590-887D-D72404766091}"
EndProject
Global
	GlobalSection(SolutionConfigurationPlatforms) = preSolution
		Debug|Win32 = Debug|Win32
		Release|Win32 = Release|Win32
	EndGlobalSection
	GlobalSection(ProjectConfigurationPlatforms) = postSolution
		{3CECC44C-2CFC-4590-887D-D72404766091}.Debug|Win32.ActiveCfg = Debug|Win32
		{3CECC44C-2CFC-4590-887D-D72404766091}.Debug|Win32.Build.0 = Debug|Win32
		{3CECC44C-2CFC-4590-887D-D72404766091}.Release|Win32.ActiveCfg = Release|Win32
		{3CECC44C-2CFC-4590-887D-D72404766091}.Release|Win32.Build.0 = Release|Win32
	EndGlobalSection
	GlobalSection(SolutionProperties) = preSolution
		HideSolutionNode = FALSE
	EndGlobalSection
EndGlobal
