
Microsoft Visual Studio Solution File, Format Version 12.00
# Visual Studio 2012
Project("{8BC9CEB8-8B4A-11D0-8D11-00A0C91BC942}") = "abyss-count", "abyss-count.vcxproj", "{88CC5EE4-7871-4D48-997D-D9D8406ECCDD}"
EndProject
Global
	GlobalSection(SolutionConfigurationPlatforms) = preSolution
		Debug|Win32 = Debug|Win32
		Release|Win32 = Release|Win32
	EndGlobalSection
	GlobalSection(ProjectConfigurationPlatforms) = postSolution
		{88CC5EE4-7871-4D48-997D-D9D8406ECCDD}.Debug|Win32.ActiveCfg = Debug|Win32
		{88CC5EE4-7871-4D48-997D-D9D8406ECCDD}.Debug|Win32.Build.0 = Debug|Win32
		{88CC5EE4-7871-4D48-997D-D9D8406ECCDD}.Release|Win32.ActiveCfg = Release|Win32
		{88CC5EE4-7871-4D48-997D-D9D8406ECCDD}.Release|Win32.Build.0 = Release|Win32
	EndGlobalSection
	GlobalSection(SolutionProperties) = preSolution
		HideSolutionNode = FALSE
	EndGlobalSection
EndGlobal
