<?xml version="1.0" encoding="utf-8"?>
<Project ToolsVersion="4.0" xmlns="http://schemas.microsoft.com/developer/msbuild/2003">
  <ItemGroup>
    <Filter Include="Source Files">
      <UniqueIdentifier>{4FC737F1-C7A5-4376-A066-2A32D752A2FF}</UniqueIdentifier>
      <Extensions>cpp;c;cc;cxx;def;odl;idl;hpj;bat;asm;asmx</Extensions>
    </Filter>
    <Filter Include="Header Files">
      <UniqueIdentifier>{93995380-89BD-4b04-88EB-625FBE52EBFB}</UniqueIdentifier>
      <Extensions>h;hpp;hxx;hm;inl;inc;xsd</Extensions>
    </Filter>
    <Filter Include="Resource Files">
      <UniqueIdentifier>{67DA6AB6-F800-4c08-8B7A-83BB121AAD01}</UniqueIdentifier>
      <Extensions>rc;ico;cur;bmp;dlg;rc2;rct;bin;rgs;gif;jpg;jpeg;jpe;resx;tiff;tif;png;wav</Extensions>
    </Filter>
  </ItemGroup>
  <ItemGroup>
    <ClCompile Include="Abyss.cpp">
      <Filter>Source Files</Filter>
    </ClCompile>
    <ClCompile Include="windows_port\getopt.cpp">
      <Filter>Source Files</Filter>
    </ClCompile>
    <ClCompile Include="windows_port\localmath.cpp">
      <Filter>Source Files</Filter>
    </ClCompile>
    <ClCompile Include="windows_port\localmemory.cpp">
      <Filter>Source Files</Filter>
    </ClCompile>
  </ItemGroup>
  <ItemGroup>
    <ClInclude Include="windows_port\google\sparsehash\densehashtable.h">
      <Filter>Header Files</Filter>
    </ClInclude>
    <ClInclude Include="windows_port\google\sparsehash\hashtable-common.h">
      <Filter>Header Files</Filter>
    </ClInclude>
    <ClInclude Include="windows_port\google\sparsehash\libc_allocator_with_realloc.h">
      <Filter>Header Files</Filter>
    </ClInclude>
    <ClInclude Include="windows_port\google\sparsehash\sparseconfig.h">
      <Filter>Header Files</Filter>
    </ClInclude>
    <ClInclude Include="windows_port\google\sparsehash\sparsehashtable.h">
      <Filter>Header Files</Filter>
    </ClInclude>
    <ClInclude Include="windows_port\google\template_util.h">
      <Filter>Header Files</Filter>
    </ClInclude>
    <ClInclude Include="windows_port\google\type_traits.h">
      <Filter>Header Files</Filter>
    </ClInclude>
    <ClInclude Include="windows_port\sparsehash\internal\densehashtable.h">
      <Filter>Header Files</Filter>
    </ClInclude>
    <ClInclude Include="windows_port\sparsehash\internal\hashtable-common.h">
      <Filter>Header Files</Filter>
    </ClInclude>
    <ClInclude Include="windows_port\sparsehash\internal\libc_allocator_with_realloc.h">
      <Filter>Header Files</Filter>
    </ClInclude>
    <ClInclude Include="windows_port\sparsehash\internal\sparseconfig.h">
      <Filter>Header Files</Filter>
    </ClInclude>
    <ClInclude Include="windows_port\sparsehash\internal\sparsehashtable.h">
      <Filter>Header Files</Filter>
    </ClInclude>
    <ClInclude Include="windows_port\sparsehash\template_util.h">
      <Filter>Header Files</Filter>
    </ClInclude>
    <ClInclude Include="windows_port\sparsehash\type_traits.h">
      <Filter>Header Files</Filter>
    </ClInclude>
    <ClInclude Include="windows_port\getopt.h">
      <Filter>Header Files</Filter>
    </ClInclude>
    <ClInclude Include="windows_port\localmath.h">
      <Filter>Header Files</Filter>
    </ClInclude>
    <ClInclude Include="windows_port\localmemory.h">
      <Filter>Header Files</Filter>
    </ClInclude>
  </ItemGroup>
</Project>