
Microsoft Visual Studio Solution File, Format Version 12.00
# Visual Studio 2012
Project("{8BC9CEB8-8B4A-11D0-8D11-00A0C91BC942}") = "abyss-gc", "abyss-gc.vcxproj", "{13509E0A-695A-47B9-9B49-19C67864C813}"
EndProject
Global
	GlobalSection(SolutionConfigurationPlatforms) = preSolution
		Debug|Win32 = Debug|Win32
		Release|Win32 = Release|Win32
	EndGlobalSection
	GlobalSection(ProjectConfigurationPlatforms) = postSolution
		{13509E0A-695A-47B9-9B49-19C67864C813}.Debug|Win32.ActiveCfg = Debug|Win32
		{13509E0A-695A-47B9-9B49-19C67864C813}.Debug|Win32.Build.0 = Debug|Win32
		{13509E0A-695A-47B9-9B49-19C67864C813}.Release|Win32.ActiveCfg = Release|Win32
		{13509E0A-695A-47B9-9B49-19C67864C813}.Release|Win32.Build.0 = Release|Win32
	EndGlobalSection
	GlobalSection(SolutionProperties) = preSolution
		HideSolutionNode = FALSE
	EndGlobalSection
EndGlobal
