
Microsoft Visual Studio Solution File, Format Version 12.00
# Visual Studio 2012
Project("{8BC9CEB8-8B4A-11D0-8D11-00A0C91BC942}") = "abyss-todot", "abyss-todot.vcxproj", "{214B4617-38E3-4E26-BE10-596B1DB2EFBB}"
EndProject
Global
	GlobalSection(SolutionConfigurationPlatforms) = preSolution
		Debug|Win32 = Debug|Win32
		Release|Win32 = Release|Win32
	EndGlobalSection
	GlobalSection(ProjectConfigurationPlatforms) = postSolution
		{214B4617-38E3-4E26-BE10-596B1DB2EFBB}.Debug|Win32.ActiveCfg = Debug|Win32
		{214B4617-38E3-4E26-BE10-596B1DB2EFBB}.Debug|Win32.Build.0 = Debug|Win32
		{214B4617-38E3-4E26-BE10-596B1DB2EFBB}.Release|Win32.ActiveCfg = Release|Win32
		{214B4617-38E3-4E26-BE10-596B1DB2EFBB}.Release|Win32.Build.0 = Release|Win32
	EndGlobalSection
	GlobalSection(SolutionProperties) = preSolution
		HideSolutionNode = FALSE
	EndGlobalSection
EndGlobal
